
Microsoft Visual Studio Solution File, Format Version 12.00
# Visual Studio Version 16
VisualStudioVersion = 16.0.32630.194
MinimumVisualStudioVersion = 10.0.40219.1
Project("{FAE04EC0-301F-11D3-BF4B-00C04F79EFBC}") = "ProjektBaza", "ProjektBaza\ProjektBaza.csproj", "{EA7051B9-3B3B-47C6-8E33-3D284D790741}"
EndProject
Global
	GlobalSection(SolutionConfigurationPlatforms) = preSolution
		Debug|Any CPU = Debug|Any CPU
		Release|Any CPU = Release|Any CPU
	EndGlobalSection
	GlobalSection(ProjectConfigurationPlatforms) = postSolution
		{EA7051B9-3B3B-47C6-8E33-3D284D790741}.Debug|Any CPU.ActiveCfg = Debug|Any CPU
		{EA7051B9-3B3B-47C6-8E33-3D284D790741}.Debug|Any CPU.Build.0 = Debug|Any CPU
		{EA7051B9-3B3B-47C6-8E33-3D284D790741}.Release|Any CPU.ActiveCfg = Release|Any CPU
		{EA7051B9-3B3B-47C6-8E33-3D284D790741}.Release|Any CPU.Build.0 = Release|Any CPU
	EndGlobalSection
	GlobalSection(SolutionProperties) = preSolution
		HideSolutionNode = FALSE
	EndGlobalSection
	GlobalSection(ExtensibilityGlobals) = postSolution
		SolutionGuid = {F54B69E0-5D25-447E-8FDD-3CBCE8377C1B}
	EndGlobalSection
EndGlobal
